
Microsoft Visual Studio Solution File, Format Version 12.00
# Visual Studio Version 17
VisualStudioVersion = 17.7.34031.279
MinimumVisualStudioVersion = 10.0.40219.1
Project("{FAE04EC0-301F-11D3-BF4B-00C04F79EFBC}") = "BulkyWeb", "BulkyWeb\BulkyWeb.csproj", "{8699707A-BE38-4C45-BFEC-5DAF6B88595D}"
EndProject
Global
	GlobalSection(SolutionConfigurationPlatforms) = preSolution
		Debug|Any CPU = Debug|Any CPU
		Release|Any CPU = Release|Any CPU
	EndGlobalSection
	GlobalSection(ProjectConfigurationPlatforms) = postSolution
		{8699707A-BE38-4C45-BFEC-5DAF6B88595D}.Debug|Any CPU.ActiveCfg = Debug|Any CPU
		{8699707A-BE38-4C45-BFEC-5DAF6B88595D}.Debug|Any CPU.Build.0 = Debug|Any CPU
		{8699707A-BE38-4C45-BFEC-5DAF6B88595D}.Release|Any CPU.ActiveCfg = Release|Any CPU
		{8699707A-BE38-4C45-BFEC-5DAF6B88595D}.Release|Any CPU.Build.0 = Release|Any CPU
	EndGlobalSection
	GlobalSection(SolutionProperties) = preSolution
		HideSolutionNode = FALSE
	EndGlobalSection
	GlobalSection(ExtensibilityGlobals) = postSolution
		SolutionGuid = {6EF4D6DB-789B-4C6A-B35E-B98B5D0FDB6A}
	EndGlobalSection
EndGlobal
